
Microsoft Visual Studio Solution File, Format Version 12.00
# Visual Studio Version 17
VisualStudioVersion = 17.4.33205.214
MinimumVisualStudioVersion = 10.0.40219.1
Project("{FAE04EC0-301F-11D3-BF4B-00C04F79EFBC}") = "Strings", "Strings.csproj", "{79B8C7F2-129D-47C5-85D1-A0D6A9EE8F32}"
EndProject
Global
	GlobalSection(SolutionConfigurationPlatforms) = preSolution
		Debug|Any CPU = Debug|Any CPU
		Release|Any CPU = Release|Any CPU
	EndGlobalSection
	GlobalSection(ProjectConfigurationPlatforms) = postSolution
		{79B8C7F2-129D-47C5-85D1-A0D6A9EE8F32}.Debug|Any CPU.ActiveCfg = Debug|Any CPU
		{79B8C7F2-129D-47C5-85D1-A0D6A9EE8F32}.Debug|Any CPU.Build.0 = Debug|Any CPU
		{79B8C7F2-129D-47C5-85D1-A0D6A9EE8F32}.Release|Any CPU.ActiveCfg = Release|Any CPU
		{79B8C7F2-129D-47C5-85D1-A0D6A9EE8F32}.Release|Any CPU.Build.0 = Release|Any CPU
	EndGlobalSection
	GlobalSection(SolutionProperties) = preSolution
		HideSolutionNode = FALSE
	EndGlobalSection
	GlobalSection(ExtensibilityGlobals) = postSolution
		SolutionGuid = {3741D1B7-0EAA-49D1-BF1B-D131F40811BB}
	EndGlobalSection
EndGlobal
