
Microsoft Visual Studio Solution File, Format Version 12.00
# Visual Studio Version 17
VisualStudioVersion = 17.4.33205.214
MinimumVisualStudioVersion = 10.0.40219.1
Project("{FAE04EC0-301F-11D3-BF4B-00C04F79EFBC}") = "SpiralMatrix", "SpiralMatrix.csproj", "{CDD57661-85DC-41B2-8D9C-8453F3952982}"
EndProject
Global
	GlobalSection(SolutionConfigurationPlatforms) = preSolution
		Debug|Any CPU = Debug|Any CPU
		Release|Any CPU = Release|Any CPU
	EndGlobalSection
	GlobalSection(ProjectConfigurationPlatforms) = postSolution
		{CDD57661-85DC-41B2-8D9C-8453F3952982}.Debug|Any CPU.ActiveCfg = Debug|Any CPU
		{CDD57661-85DC-41B2-8D9C-8453F3952982}.Debug|Any CPU.Build.0 = Debug|Any CPU
		{CDD57661-85DC-41B2-8D9C-8453F3952982}.Release|Any CPU.ActiveCfg = Release|Any CPU
		{CDD57661-85DC-41B2-8D9C-8453F3952982}.Release|Any CPU.Build.0 = Release|Any CPU
	EndGlobalSection
	GlobalSection(SolutionProperties) = preSolution
		HideSolutionNode = FALSE
	EndGlobalSection
	GlobalSection(ExtensibilityGlobals) = postSolution
		SolutionGuid = {DE20ED6C-FAEA-4AB7-90F2-36136D298F13}
	EndGlobalSection
EndGlobal
